
Microsoft Visual Studio Solution File, Format Version 12.00
# Visual Studio 15
VisualStudioVersion = 15.0.27130.2027
MinimumVisualStudioVersion = 10.0.40219.1
Project("{FAE04EC0-301F-11D3-BF4B-00C04F79EFBC}") = "fergieAssignmentOne", "fergieAssignmentOne\fergieAssignmentOne.csproj", "{11A160E5-6C4D-4B8F-A2A6-380D4AABC134}"
EndProject
Global
	GlobalSection(SolutionConfigurationPlatforms) = preSolution
		Debug|Any CPU = Debug|Any CPU
		Release|Any CPU = Release|Any CPU
	EndGlobalSection
	GlobalSection(ProjectConfigurationPlatforms) = postSolution
		{11A160E5-6C4D-4B8F-A2A6-380D4AABC134}.Debug|Any CPU.ActiveCfg = Debug|Any CPU
		{11A160E5-6C4D-4B8F-A2A6-380D4AABC134}.Debug|Any CPU.Build.0 = Debug|Any CPU
		{11A160E5-6C4D-4B8F-A2A6-380D4AABC134}.Release|Any CPU.ActiveCfg = Release|Any CPU
		{11A160E5-6C4D-4B8F-A2A6-380D4AABC134}.Release|Any CPU.Build.0 = Release|Any CPU
	EndGlobalSection
	GlobalSection(SolutionProperties) = preSolution
		HideSolutionNode = FALSE
	EndGlobalSection
	GlobalSection(ExtensibilityGlobals) = postSolution
		SolutionGuid = {174262E5-E9C0-48AD-A078-4BB94BEEF6C3}
	EndGlobalSection
EndGlobal
